// !$*UTF8*$!
{
	archiveVersion = 1;
	classes = {
	};
	objectVersion = 46;
	objects = {

/* Begin PBXBuildFile section */
		CFAA59C91E263EA90032BCCF /* AppDelegate.swift in Sources */ = {isa = PBXBuildFile; fileRef = CFAA59C81E263EA90032BCCF /* AppDelegate.swift */; };
		CFAA59CB1E263EA90032BCCF /* GeniusesTableViewController.swift in Sources */ = {isa = PBXBuildFile; fileRef = CFAA59CA1E263EA90032BCCF /* GeniusesTableViewController.swift */; };
		CFAA59CE1E263EA90032BCCF /* Main.storyboard in Resources */ = {isa = PBXBuildFile; fileRef = CFAA59CC1E263EA90032BCCF /* Main.storyboard */; };
		CFAA59D01E263EA90032BCCF /* Assets.xcassets in Resources */ = {isa = PBXBuildFile; fileRef = CFAA59CF1E263EA90032BCCF /* Assets.xcassets */; };
		CFAA59D31E263EA90032BCCF /* LaunchScreen.storyboard in Resources */ = {isa = PBXBuildFile; fileRef = CFAA59D11E263EA90032BCCF /* LaunchScreen.storyboard */; };
		CFAA59F31E26464A0032BCCF /* README.md in Sources */ = {isa = PBXBuildFile; fileRef = CFAA59F21E26464A0032BCCF /* README.md */; };
/* End PBXBuildFile section */

/* Begin PBXContainerItemProxy section */
		CFAA59DA1E263EA90032BCCF /* PBXContainerItemProxy */ = {
			isa = PBXContainerItemProxy;
			containerPortal = CFAA59BD1E263EA80032BCCF /* Project object */;
			proxyType = 1;
			remoteGlobalIDString = CFAA59C41E263EA90032BCCF;
			remoteInfo = VCTDD;
		};
/* End PBXContainerItemProxy section */

/* Begin PBXFileReference section */
		CFAA59C51E263EA90032BCCF /* VCTDD.app */ = {isa = PBXFileReference; explicitFileType = wrapper.application; includeInIndex = 0; path = VCTDD.app; sourceTree = BUILT_PRODUCTS_DIR; };
		CFAA59C81E263EA90032BCCF /* AppDelegate.swift */ = {isa = PBXFileReference; lastKnownFileType = sourcecode.swift; path = AppDelegate.swift; sourceTree = "<group>"; };
		CFAA59CA1E263EA90032BCCF /* GeniusesTableViewController.swift */ = {isa = PBXFileReference; lastKnownFileType = sourcecode.swift; path = GeniusesTableViewController.swift; sourceTree = "<group>"; };
		CFAA59CD1E263EA90032BCCF /* Base */ = {isa = PBXFileReference; lastKnownFileType = file.storyboard; name = Base; path = Base.lproj/Main.storyboard; sourceTree = "<group>"; };
		CFAA59CF1E263EA90032BCCF /* Assets.xcassets */ = {isa = PBXFileReference; lastKnownFileType = folder.assetcatalog; path = Assets.xcassets; sourceTree = "<group>"; };
		CFAA59D21E263EA90032BCCF /* Base */ = {isa = PBXFileReference; lastKnownFileType = file.storyboard; name = Base; path = Base.lproj/LaunchScreen.storyboard; sourceTree = "<group>"; };
		CFAA59D41E263EA90032BCCF /* Info.plist */ = {isa = PBXFileReference; lastKnownFileType = text.plist.xml; path = Info.plist; sourceTree = "<group>"; };
		CFAA59D91E263EA90032BCCF /* VCTDDTests.xctest */ = {isa = PBXFileReference; explicitFileType = wrapper.cfbundle; includeInIndex = 0; path = VCTDDTests.xctest; sourceTree = BUILT_PRODUCTS_DIR; };
		CFAA59DF1E263EA90032BCCF /* Info.plist */ = {isa = PBXFileReference; lastKnownFileType = text.plist.xml; path = Info.plist; sourceTree = "<group>"; };
		CFAA59F21E26464A0032BCCF /* README.md */ = {isa = PBXFileReference; fileEncoding = 4; lastKnownFileType = net.daringfireball.markdown; path = README.md; sourceTree = "<group>"; };
/* End PBXFileReference section */

/* Begin PBXFrameworksBuildPhase section */
		CFAA59C21E263EA90032BCCF /* Frameworks */ = {
			isa = PBXFrameworksBuildPhase;
			buildActionMask = 2147483647;
			files = (
			);
			runOnlyForDeploymentPostprocessing = 0;
		};
		CFAA59D61E263EA90032BCCF /* Frameworks */ = {
			isa = PBXFrameworksBuildPhase;
			buildActionMask = 2147483647;
			files = (
			);
			runOnlyForDeploymentPostprocessing = 0;
		};
/* End PBXFrameworksBuildPhase section */

/* Begin PBXGroup section */
		CFAA59BC1E263EA80032BCCF = {
			isa = PBXGroup;
			children = (
				CFAA59F21E26464A0032BCCF /* README.md */,
				CFAA59C71E263EA90032BCCF /* VCTDD */,
				CFAA59DC1E263EA90032BCCF /* VCTDDTests */,
				CFAA59C61E263EA90032BCCF /* Products */,
			);
			sourceTree = "<group>";
		};
		CFAA59C61E263EA90032BCCF /* Products */ = {
			isa = PBXGroup;
			children = (
				CFAA59C51E263EA90032BCCF /* VCTDD.app */,
				CFAA59D91E263EA90032BCCF /* VCTDDTests.xctest */,
			);
			name = Products;
			sourceTree = "<group>";
		};
		CFAA59C71E263EA90032BCCF /* VCTDD */ = {
			isa = PBXGroup;
			children = (
				CFAA59EA1E263EE40032BCCF /* Views */,
				CFAA59EE1E263F100032BCCF /* Presenters */,
				CFAA59F11E263F320032BCCF /* Model */,
				CFAA59E81E263EBB0032BCCF /* AppDelegate */,
				CFAA59EB1E263EF30032BCCF /* SupportFiles */,
			);
			path = VCTDD;
			sourceTree = "<group>";
		};
		CFAA59DC1E263EA90032BCCF /* VCTDDTests */ = {
			isa = PBXGroup;
			children = (
				CFAA59ED1E263F090032BCCF /* Views */,
				CFAA59EF1E263F1D0032BCCF /* Presenters */,
				CFAA59F01E263F2D0032BCCF /* Model */,
				CFAA59E91E263ED10032BCCF /* AppDelegate */,
				CFAA59EC1E263F020032BCCF /* SupportFiles */,
			);
			path = VCTDDTests;
			sourceTree = "<group>";
		};
		CFAA59E81E263EBB0032BCCF /* AppDelegate */ = {
			isa = PBXGroup;
			children = (
				CFAA59C81E263EA90032BCCF /* AppDelegate.swift */,
			);
			name = AppDelegate;
			sourceTree = "<group>";
		};
		CFAA59E91E263ED10032BCCF /* AppDelegate */ = {
			isa = PBXGroup;
			children = (
			);
			name = AppDelegate;
			sourceTree = "<group>";
		};
		CFAA59EA1E263EE40032BCCF /* Views */ = {
			isa = PBXGroup;
			children = (
				CFAA59CA1E263EA90032BCCF /* GeniusesTableViewController.swift */,
				CFAA59CC1E263EA90032BCCF /* Main.storyboard */,
				CFAA59D11E263EA90032BCCF /* LaunchScreen.storyboard */,
			);
			name = Views;
			sourceTree = "<group>";
		};
		CFAA59EB1E263EF30032BCCF /* SupportFiles */ = {
			isa = PBXGroup;
			children = (
				CFAA59CF1E263EA90032BCCF /* Assets.xcassets */,
				CFAA59D41E263EA90032BCCF /* Info.plist */,
			);
			name = SupportFiles;
			sourceTree = "<group>";
		};
		CFAA59EC1E263F020032BCCF /* SupportFiles */ = {
			isa = PBXGroup;
			children = (
				CFAA59DF1E263EA90032BCCF /* Info.plist */,
			);
			name = SupportFiles;
			sourceTree = "<group>";
		};
		CFAA59ED1E263F090032BCCF /* Views */ = {
			isa = PBXGroup;
			children = (
			);
			name = Views;
			sourceTree = "<group>";
		};
		CFAA59EE1E263F100032BCCF /* Presenters */ = {
			isa = PBXGroup;
			children = (
			);
			name = Presenters;
			sourceTree = "<group>";
		};
		CFAA59EF1E263F1D0032BCCF /* Presenters */ = {
			isa = PBXGroup;
			children = (
			);
			name = Presenters;
			sourceTree = "<group>";
		};
		CFAA59F01E263F2D0032BCCF /* Model */ = {
			isa = PBXGroup;
			children = (
			);
			name = Model;
			sourceTree = "<group>";
		};
		CFAA59F11E263F320032BCCF /* Model */ = {
			isa = PBXGroup;
			children = (
			);
			name = Model;
			sourceTree = "<group>";
		};
/* End PBXGroup section */

/* Begin PBXNativeTarget section */
		CFAA59C41E263EA90032BCCF /* VCTDD */ = {
			isa = PBXNativeTarget;
			buildConfigurationList = CFAA59E21E263EA90032BCCF /* Build configuration list for PBXNativeTarget "VCTDD" */;
			buildPhases = (
				CFAA59C11E263EA90032BCCF /* Sources */,
				CFAA59C21E263EA90032BCCF /* Frameworks */,
				CFAA59C31E263EA90032BCCF /* Resources */,
			);
			buildRules = (
			);
			dependencies = (
			);
			name = VCTDD;
			productName = VCTDD;
			productReference = CFAA59C51E263EA90032BCCF /* VCTDD.app */;
			productType = "com.apple.product-type.application";
		};
		CFAA59D81E263EA90032BCCF /* VCTDDTests */ = {
			isa = PBXNativeTarget;
			buildConfigurationList = CFAA59E51E263EA90032BCCF /* Build configuration list for PBXNativeTarget "VCTDDTests" */;
			buildPhases = (
				CFAA59D51E263EA90032BCCF /* Sources */,
				CFAA59D61E263EA90032BCCF /* Frameworks */,
				CFAA59D71E263EA90032BCCF /* Resources */,
			);
			buildRules = (
			);
			dependencies = (
				CFAA59DB1E263EA90032BCCF /* PBXTargetDependency */,
			);
			name = VCTDDTests;
			productName = VCTDDTests;
			productReference = CFAA59D91E263EA90032BCCF /* VCTDDTests.xctest */;
			productType = "com.apple.product-type.bundle.unit-test";
		};
/* End PBXNativeTarget section */

/* Begin PBXProject section */
		CFAA59BD1E263EA80032BCCF /* Project object */ = {
			isa = PBXProject;
			attributes = {
				LastSwiftUpdateCheck = 0820;
				LastUpgradeCheck = 0820;
				ORGANIZATIONNAME = "Canonical Examples";
				TargetAttributes = {
					CFAA59C41E263EA90032BCCF = {
						CreatedOnToolsVersion = 8.2.1;
						DevelopmentTeam = 324YCFLY7B;
						ProvisioningStyle = Automatic;
					};
					CFAA59D81E263EA90032BCCF = {
						CreatedOnToolsVersion = 8.2.1;
						DevelopmentTeam = 324YCFLY7B;
						ProvisioningStyle = Automatic;
						TestTargetID = CFAA59C41E263EA90032BCCF;
					};
				};
			};
			buildConfigurationList = CFAA59C01E263EA80032BCCF /* Build configuration list for PBXProject "VCTDD" */;
			compatibilityVersion = "Xcode 3.2";
			developmentRegion = English;
			hasScannedForEncodings = 0;
			knownRegions = (
				en,
				Base,
			);
			mainGroup = CFAA59BC1E263EA80032BCCF;
			productRefGroup = CFAA59C61E263EA90032BCCF /* Products */;
			projectDirPath = "";
			projectRoot = "";
			targets = (
				CFAA59C41E263EA90032BCCF /* VCTDD */,
				CFAA59D81E263EA90032BCCF /* VCTDDTests */,
			);
		};
/* End PBXProject section */

/* Begin PBXResourcesBuildPhase section */
		CFAA59C31E263EA90032BCCF /* Resources */ = {
			isa = PBXResourcesBuildPhase;
			buildActionMask = 2147483647;
			files = (
				CFAA59D31E263EA90032BCCF /* LaunchScreen.storyboard in Resources */,
				CFAA59D01E263EA90032BCCF /* Assets.xcassets in Resources */,
				CFAA59CE1E263EA90032BCCF /* Main.storyboard in Resources */,
			);
			runOnlyForDeploymentPostprocessing = 0;
		};
		CFAA59D71E263EA90032BCCF /* Resources */ = {
			isa = PBXResourcesBuildPhase;
			buildActionMask = 2147483647;
			files = (
			);
			runOnlyForDeploymentPostprocessing = 0;
		};
/* End PBXResourcesBuildPhase section */

/* Begin PBXSourcesBuildPhase section */
		CFAA59C11E263EA90032BCCF /* Sources */ = {
			isa = PBXSourcesBuildPhase;
			buildActionMask = 2147483647;
			files = (
				CFAA59F31E26464A0032BCCF /* README.md in Sources */,
				CFAA59CB1E263EA90032BCCF /* GeniusesTableViewController.swift in Sources */,
				CFAA59C91E263EA90032BCCF /* AppDelegate.swift in Sources */,
			);
			runOnlyForDeploymentPostprocessing = 0;
		};
		CFAA59D51E263EA90032BCCF /* Sources */ = {
			isa = PBXSourcesBuildPhase;
			buildActionMask = 2147483647;
			files = (
			);
			runOnlyForDeploymentPostprocessing = 0;
		};
/* End PBXSourcesBuildPhase section */

/* Begin PBXTargetDependency section */
		CFAA59DB1E263EA90032BCCF /* PBXTargetDependency */ = {
			isa = PBXTargetDependency;
			target = CFAA59C41E263EA90032BCCF /* VCTDD */;
			targetProxy = CFAA59DA1E263EA90032BCCF /* PBXContainerItemProxy */;
		};
/* End PBXTargetDependency section */

/* Begin PBXVariantGroup section */
		CFAA59CC1E263EA90032BCCF /* Main.storyboard */ = {
			isa = PBXVariantGroup;
			children = (
				CFAA59CD1E263EA90032BCCF /* Base */,
			);
			name = Main.storyboard;
			sourceTree = "<group>";
		};
		CFAA59D11E263EA90032BCCF /* LaunchScreen.storyboard */ = {
			isa = PBXVariantGroup;
			children = (
				CFAA59D21E263EA90032BCCF /* Base */,
			);
			name = LaunchScreen.storyboard;
			sourceTree = "<group>";
		};
/* End PBXVariantGroup section */

/* Begin XCBuildConfiguration section */
		CFAA59E01E263EA90032BCCF /* Debug */ = {
			isa = XCBuildConfiguration;
			buildSettings = {
				ALWAYS_SEARCH_USER_PATHS = NO;
				CLANG_ANALYZER_NONNULL = YES;
				CLANG_CXX_LANGUAGE_STANDARD = "gnu++0x";
				CLANG_CXX_LIBRARY = "libc++";
				CLANG_ENABLE_MODULES = YES;
				CLANG_ENABLE_OBJC_ARC = YES;
				CLANG_WARN_BOOL_CONVERSION = YES;
				CLANG_WARN_CONSTANT_CONVERSION = YES;
				CLANG_WARN_DIRECT_OBJC_ISA_USAGE = YES_ERROR;
				CLANG_WARN_DOCUMENTATION_COMMENTS = YES;
				CLANG_WARN_EMPTY_BODY = YES;
				CLANG_WARN_ENUM_CONVERSION = YES;
				CLANG_WARN_INFINITE_RECURSION = YES;
				CLANG_WARN_INT_CONVERSION = YES;
				CLANG_WARN_OBJC_ROOT_CLASS = YES_ERROR;
				CLANG_WARN_SUSPICIOUS_MOVE = YES;
				CLANG_WARN_UNREACHABLE_CODE = YES;
				CLANG_WARN__DUPLICATE_METHOD_MATCH = YES;
				"CODE_SIGN_IDENTITY[sdk=iphoneos*]" = "iPhone Developer";
				COPY_PHASE_STRIP = NO;
				DEBUG_INFORMATION_FORMAT = dwarf;
				ENABLE_STRICT_OBJC_MSGSEND = YES;
				ENABLE_TESTABILITY = YES;
				GCC_C_LANGUAGE_STANDARD = gnu99;
				GCC_DYNAMIC_NO_PIC = NO;
				GCC_NO_COMMON_BLOCKS = YES;
				GCC_OPTIMIZATION_LEVEL = 0;
				GCC_PREPROCESSOR_DEFINITIONS = (
					"DEBUG=1",
					"$(inherited)",
				);
				GCC_WARN_64_TO_32_BIT_CONVERSION = YES;
				GCC_WARN_ABOUT_RETURN_TYPE = YES_ERROR;
				GCC_WARN_UNDECLARED_SELECTOR = YES;
				GCC_WARN_UNINITIALIZED_AUTOS = YES_AGGRESSIVE;
				GCC_WARN_UNUSED_FUNCTION = YES;
				GCC_WARN_UNUSED_VARIABLE = YES;
				IPHONEOS_DEPLOYMENT_TARGET = 10.2;
				MTL_ENABLE_DEBUG_INFO = YES;
				ONLY_ACTIVE_ARCH = YES;
				SDKROOT = iphoneos;
				SWIFT_ACTIVE_COMPILATION_CONDITIONS = DEBUG;
				SWIFT_OPTIMIZATION_LEVEL = "-Onone";
			};
			name = Debug;
		};
		CFAA59E11E263EA90032BCCF /* Release */ = {
			isa = XCBuildConfiguration;
			buildSettings = {
				ALWAYS_SEARCH_USER_PATHS = NO;
				CLANG_ANALYZER_NONNULL = YES;
				CLANG_CXX_LANGUAGE_STANDARD = "gnu++0x";
				CLANG_CXX_LIBRARY = "libc++";
				CLANG_ENABLE_MODULES = YES;
				CLANG_ENABLE_OBJC_ARC = YES;
				CLANG_WARN_BOOL_CONVERSION = YES;
				CLANG_WARN_CONSTANT_CONVERSION = YES;
				CLANG_WARN_DIRECT_OBJC_ISA_USAGE = YES_ERROR;
				CLANG_WARN_DOCUMENTATION_COMMENTS = YES;
				CLANG_WARN_EMPTY_BODY = YES;
				CLANG_WARN_ENUM_CONVERSION = YES;
				CLANG_WARN_INFINITE_RECURSION = YES;
				CLANG_WARN_INT_CONVERSION = YES;
				CLANG_WARN_OBJC_ROOT_CLASS = YES_ERROR;
				CLANG_WARN_SUSPICIOUS_MOVE = YES;
				CLANG_WARN_UNREACHABLE_CODE = YES;
				CLANG_WARN__DUPLICATE_METHOD_MATCH = YES;
				"CODE_SIGN_IDENTITY[sdk=iphoneos*]" = "iPhone Developer";
				COPY_PHASE_STRIP = NO;
				DEBUG_INFORMATION_FORMAT = "dwarf-with-dsym";
				ENABLE_NS_ASSERTIONS = NO;
				ENABLE_STRICT_OBJC_MSGSEND = YES;
				GCC_C_LANGUAGE_STANDARD = gnu99;
				GCC_NO_COMMON_BLOCKS = YES;
				GCC_WARN_64_TO_32_BIT_CONVERSION = YES;
				GCC_WARN_ABOUT_RETURN_TYPE = YES_ERROR;
				GCC_WARN_UNDECLARED_SELECTOR = YES;
				GCC_WARN_UNINITIALIZED_AUTOS = YES_AGGRESSIVE;
				GCC_WARN_UNUSED_FUNCTION = YES;
				GCC_WARN_UNUSED_VARIABLE = YES;
				IPHONEOS_DEPLOYMENT_TARGET = 10.2;
				MTL_ENABLE_DEBUG_INFO = NO;
				SDKROOT = iphoneos;
				SWIFT_OPTIMIZATION_LEVEL = "-Owholemodule";
				VALIDATE_PRODUCT = YES;
			};
			name = Release;
		};
		CFAA59E31E263EA90032BCCF /* Debug */ = {
			isa = XCBuildConfiguration;
			buildSettings = {
				ASSETCATALOG_COMPILER_APPICON_NAME = AppIcon;
				DEVELOPMENT_TEAM = 324YCFLY7B;
				INFOPLIST_FILE = VCTDD/Info.plist;
				LD_RUNPATH_SEARCH_PATHS = "$(inherited) @executable_path/Frameworks";
				PRODUCT_BUNDLE_IDENTIFIER = com.canonicalexamples.VCTDD;
				PRODUCT_NAME = "$(TARGET_NAME)";
				SWIFT_VERSION = 3.0;
			};
			name = Debug;
		};
		CFAA59E41E263EA90032BCCF /* Release */ = {
			isa = XCBuildConfiguration;
			buildSettings = {
				ASSETCATALOG_COMPILER_APPICON_NAME = AppIcon;
				DEVELOPMENT_TEAM = 324YCFLY7B;
				INFOPLIST_FILE = VCTDD/Info.plist;
				LD_RUNPATH_SEARCH_PATHS = "$(inherited) @executable_path/Frameworks";
				PRODUCT_BUNDLE_IDENTIFIER = com.canonicalexamples.VCTDD;
				PRODUCT_NAME = "$(TARGET_NAME)";
				SWIFT_VERSION = 3.0;
			};
			name = Release;
		};
		CFAA59E61E263EA90032BCCF /* Debug */ = {
			isa = XCBuildConfiguration;
			buildSettings = {
				ALWAYS_EMBED_SWIFT_STANDARD_LIBRARIES = YES;
				BUNDLE_LOADER = "$(TEST_HOST)";
				DEVELOPMENT_TEAM = 324YCFLY7B;
				INFOPLIST_FILE = VCTDDTests/Info.plist;
				LD_RUNPATH_SEARCH_PATHS = "$(inherited) @executable_path/Frameworks @loader_path/Frameworks";
				PRODUCT_BUNDLE_IDENTIFIER = com.canonicalexamples.VCTDDTests;
				PRODUCT_NAME = "$(TARGET_NAME)";
				SWIFT_VERSION = 3.0;
				TEST_HOST = "$(BUILT_PRODUCTS_DIR)/VCTDD.app/VCTDD";
			};
			name = Debug;
		};
		CFAA59E71E263EA90032BCCF /* Release */ = {
			isa = XCBuildConfiguration;
			buildSettings = {
				ALWAYS_EMBED_SWIFT_STANDARD_LIBRARIES = YES;
				BUNDLE_LOADER = "$(TEST_HOST)";
				DEVELOPMENT_TEAM = 324YCFLY7B;
				INFOPLIST_FILE = VCTDDTests/Info.plist;
				LD_RUNPATH_SEARCH_PATHS = "$(inherited) @executable_path/Frameworks @loader_path/Frameworks";
				PRODUCT_BUNDLE_IDENTIFIER = com.canonicalexamples.VCTDDTests;
				PRODUCT_NAME = "$(TARGET_NAME)";
				SWIFT_VERSION = 3.0;
				TEST_HOST = "$(BUILT_PRODUCTS_DIR)/VCTDD.app/VCTDD";
			};
			name = Release;
		};
/* End XCBuildConfiguration section */

/* Begin XCConfigurationList section */
		CFAA59C01E263EA80032BCCF /* Build configuration list for PBXProject "VCTDD" */ = {
			isa = XCConfigurationList;
			buildConfigurations = (
				CFAA59E01E263EA90032BCCF /* Debug */,
				CFAA59E11E263EA90032BCCF /* Release */,
			);
			defaultConfigurationIsVisible = 0;
			defaultConfigurationName = Release;
		};
		CFAA59E21E263EA90032BCCF /* Build configuration list for PBXNativeTarget "VCTDD" */ = {
			isa = XCConfigurationList;
			buildConfigurations = (
				CFAA59E31E263EA90032BCCF /* Debug */,
				CFAA59E41E263EA90032BCCF /* Release */,
			);
			defaultConfigurationIsVisible = 0;
		};
		CFAA59E51E263EA90032BCCF /* Build configuration list for PBXNativeTarget "VCTDDTests" */ = {
			isa = XCConfigurationList;
			buildConfigurations = (
				CFAA59E61E263EA90032BCCF /* Debug */,
				CFAA59E71E263EA90032BCCF /* Release */,
			);
			defaultConfigurationIsVisible = 0;
		};
/* End XCConfigurationList section */
	};
	rootObject = CFAA59BD1E263EA80032BCCF /* Project object */;
}
